
Microsoft Visual Studio Solution File, Format Version 12.00
# Visual Studio Version 17
VisualStudioVersion = 17.10.35122.118
MinimumVisualStudioVersion = 10.0.40219.1
Project("{FAE04EC0-301F-11D3-BF4B-00C04F79EFBC}") = "CSharpAbril2025", "CSharpAbril2025.csproj", "{1AA785EA-4E52-40F3-BD0C-BC3B94D8C1F6}"
EndProject
Project("{FAE04EC0-301F-11D3-BF4B-00C04F79EFBC}") = "Exercicio1", "Exercicio1\Exercicio1.csproj", "{609CA4EA-7E27-467A-8F59-FC444822E0D6}"
EndProject
Project("{FAE04EC0-301F-11D3-BF4B-00C04F79EFBC}") = "Exercicio2", "Exercicio2\Exercicio2.csproj", "{C585F40C-8711-4E46-B71E-4191F56228C2}"
EndProject
Project("{FAE04EC0-301F-11D3-BF4B-00C04F79EFBC}") = "Exercicio3", "Exercicio3\Exercicio3.csproj", "{68971123-5E6E-4FA4-A97A-8045837D34F9}"
EndProject
Project("{FAE04EC0-301F-11D3-BF4B-00C04F79EFBC}") = "Exercicio4", "Exercicio4\Exercicio4.csproj", "{34FC312B-9F88-4365-85D0-22234E4B7FD1}"
EndProject
Project("{FAE04EC0-301F-11D3-BF4B-00C04F79EFBC}") = "Exercicio5", "Exercicio5\Exercicio5.csproj", "{75982D89-6FE6-47EC-AC01-ED3D3E4DD016}"
EndProject
Project("{FAE04EC0-301F-11D3-BF4B-00C04F79EFBC}") = "Exercicio6", "Exercicio6\Exercicio6.csproj", "{11DCCACF-D567-468E-9CC6-0D4A1358327D}"
EndProject
Global
	GlobalSection(SolutionConfigurationPlatforms) = preSolution
		Debug|Any CPU = Debug|Any CPU
		Release|Any CPU = Release|Any CPU
	EndGlobalSection
	GlobalSection(ProjectConfigurationPlatforms) = postSolution
		{1AA785EA-4E52-40F3-BD0C-BC3B94D8C1F6}.Debug|Any CPU.ActiveCfg = Debug|Any CPU
		{1AA785EA-4E52-40F3-BD0C-BC3B94D8C1F6}.Debug|Any CPU.Build.0 = Debug|Any CPU
		{1AA785EA-4E52-40F3-BD0C-BC3B94D8C1F6}.Release|Any CPU.ActiveCfg = Release|Any CPU
		{1AA785EA-4E52-40F3-BD0C-BC3B94D8C1F6}.Release|Any CPU.Build.0 = Release|Any CPU
		{609CA4EA-7E27-467A-8F59-FC444822E0D6}.Debug|Any CPU.ActiveCfg = Debug|Any CPU
		{609CA4EA-7E27-467A-8F59-FC444822E0D6}.Debug|Any CPU.Build.0 = Debug|Any CPU
		{609CA4EA-7E27-467A-8F59-FC444822E0D6}.Release|Any CPU.ActiveCfg = Release|Any CPU
		{609CA4EA-7E27-467A-8F59-FC444822E0D6}.Release|Any CPU.Build.0 = Release|Any CPU
		{C585F40C-8711-4E46-B71E-4191F56228C2}.Debug|Any CPU.ActiveCfg = Debug|Any CPU
		{C585F40C-8711-4E46-B71E-4191F56228C2}.Debug|Any CPU.Build.0 = Debug|Any CPU
		{C585F40C-8711-4E46-B71E-4191F56228C2}.Release|Any CPU.ActiveCfg = Release|Any CPU
		{C585F40C-8711-4E46-B71E-4191F56228C2}.Release|Any CPU.Build.0 = Release|Any CPU
		{68971123-5E6E-4FA4-A97A-8045837D34F9}.Debug|Any CPU.ActiveCfg = Debug|Any CPU
		{68971123-5E6E-4FA4-A97A-8045837D34F9}.Debug|Any CPU.Build.0 = Debug|Any CPU
		{68971123-5E6E-4FA4-A97A-8045837D34F9}.Release|Any CPU.ActiveCfg = Release|Any CPU
		{68971123-5E6E-4FA4-A97A-8045837D34F9}.Release|Any CPU.Build.0 = Release|Any CPU
		{34FC312B-9F88-4365-85D0-22234E4B7FD1}.Debug|Any CPU.ActiveCfg = Debug|Any CPU
		{34FC312B-9F88-4365-85D0-22234E4B7FD1}.Debug|Any CPU.Build.0 = Debug|Any CPU
		{34FC312B-9F88-4365-85D0-22234E4B7FD1}.Release|Any CPU.ActiveCfg = Release|Any CPU
		{34FC312B-9F88-4365-85D0-22234E4B7FD1}.Release|Any CPU.Build.0 = Release|Any CPU
		{75982D89-6FE6-47EC-AC01-ED3D3E4DD016}.Debug|Any CPU.ActiveCfg = Debug|Any CPU
		{75982D89-6FE6-47EC-AC01-ED3D3E4DD016}.Debug|Any CPU.Build.0 = Debug|Any CPU
		{75982D89-6FE6-47EC-AC01-ED3D3E4DD016}.Release|Any CPU.ActiveCfg = Release|Any CPU
		{75982D89-6FE6-47EC-AC01-ED3D3E4DD016}.Release|Any CPU.Build.0 = Release|Any CPU
		{11DCCACF-D567-468E-9CC6-0D4A1358327D}.Debug|Any CPU.ActiveCfg = Debug|Any CPU
		{11DCCACF-D567-468E-9CC6-0D4A1358327D}.Debug|Any CPU.Build.0 = Debug|Any CPU
		{11DCCACF-D567-468E-9CC6-0D4A1358327D}.Release|Any CPU.ActiveCfg = Release|Any CPU
		{11DCCACF-D567-468E-9CC6-0D4A1358327D}.Release|Any CPU.Build.0 = Release|Any CPU
	EndGlobalSection
	GlobalSection(SolutionProperties) = preSolution
		HideSolutionNode = FALSE
	EndGlobalSection
	GlobalSection(ExtensibilityGlobals) = postSolution
		SolutionGuid = {59EBAB75-B08C-47C6-B79C-98B9677D8C76}
	EndGlobalSection
EndGlobal
